
Microsoft Visual Studio Solution File, Format Version 12.00
# Visual Studio Version 17
VisualStudioVersion = 17.14.36221.1 d17.14
MinimumVisualStudioVersion = 10.0.40219.1
Project("{FAE04EC0-301F-11D3-BF4B-00C04F79EFBC}") = "DapperORM", "DapperORM\DapperORM.csproj", "{82386EA2-650F-4778-B2DA-688E7AA1A0C0}"
EndProject
Global
	GlobalSection(SolutionConfigurationPlatforms) = preSolution
		Debug|Any CPU = Debug|Any CPU
		Release|Any CPU = Release|Any CPU
	EndGlobalSection
	GlobalSection(ProjectConfigurationPlatforms) = postSolution
		{82386EA2-650F-4778-B2DA-688E7AA1A0C0}.Debug|Any CPU.ActiveCfg = Debug|Any CPU
		{82386EA2-650F-4778-B2DA-688E7AA1A0C0}.Debug|Any CPU.Build.0 = Debug|Any CPU
		{82386EA2-650F-4778-B2DA-688E7AA1A0C0}.Release|Any CPU.ActiveCfg = Release|Any CPU
		{82386EA2-650F-4778-B2DA-688E7AA1A0C0}.Release|Any CPU.Build.0 = Release|Any CPU
	EndGlobalSection
	GlobalSection(SolutionProperties) = preSolution
		HideSolutionNode = FALSE
	EndGlobalSection
	GlobalSection(ExtensibilityGlobals) = postSolution
		SolutionGuid = {980BB2CE-2133-4E25-883A-EE290E79A48A}
	EndGlobalSection
EndGlobal
